// !$*UTF8*$!
{
	archiveVersion = 1;
	classes = {
	};
	objectVersion = 52;
	objects = {

/* Begin PBXBuildFile section */
		CF16D9DA26EA3C9B003CCCA0 /* CategorieView.swift in Sources */ = {isa = PBXBuildFile; fileRef = CF16D9D926EA3C9A003CCCA0 /* CategorieView.swift */; };
		CF16D9DC26EA3D8A003CCCA0 /* CategorieCellView.swift in Sources */ = {isa = PBXBuildFile; fileRef = CF16D9DB26EA3D8A003CCCA0 /* CategorieCellView.swift */; };
		CF16D9DE26EA43DD003CCCA0 /* Categorie.swift in Sources */ = {isa = PBXBuildFile; fileRef = CF16D9DD26EA43DD003CCCA0 /* Categorie.swift */; };
		CF16D9E126EA4A21003CCCA0 /* HomeViewModel.swift in Sources */ = {isa = PBXBuildFile; fileRef = CF16D9E026EA4A21003CCCA0 /* HomeViewModel.swift */; };
		CF16D9E326EA5EFE003CCCA0 /* BestSellingView.swift in Sources */ = {isa = PBXBuildFile; fileRef = CF16D9E226EA5EFE003CCCA0 /* BestSellingView.swift */; };
		CF16D9E526EA606E003CCCA0 /* ProductViewCell.swift in Sources */ = {isa = PBXBuildFile; fileRef = CF16D9E426EA606E003CCCA0 /* ProductViewCell.swift */; };
		CF17516926EB6DDE00A29C96 /* HomeView.swift in Sources */ = {isa = PBXBuildFile; fileRef = CF17516826EB6DDE00A29C96 /* HomeView.swift */; };
		CF17516B26EB6FF600A29C96 /* Product.swift in Sources */ = {isa = PBXBuildFile; fileRef = CF17516A26EB6FF600A29C96 /* Product.swift */; };
		CF17516D26EB708800A29C96 /* Rating.swift in Sources */ = {isa = PBXBuildFile; fileRef = CF17516C26EB708800A29C96 /* Rating.swift */; };
		CF17517026EB9BE300A29C96 /* Kingfisher in Frameworks */ = {isa = PBXBuildFile; productRef = CF17516F26EB9BE300A29C96 /* Kingfisher */; };
		CFCD576C26E97F94007BDE71 /* EcommerceApp.swift in Sources */ = {isa = PBXBuildFile; fileRef = CFCD576B26E97F94007BDE71 /* EcommerceApp.swift */; };
		CFCD576E26E97F94007BDE71 /* ContentView.swift in Sources */ = {isa = PBXBuildFile; fileRef = CFCD576D26E97F94007BDE71 /* ContentView.swift */; };
		CFCD577026E97F95007BDE71 /* Assets.xcassets in Resources */ = {isa = PBXBuildFile; fileRef = CFCD576F26E97F95007BDE71 /* Assets.xcassets */; };
		CFCD577326E97F95007BDE71 /* Preview Assets.xcassets in Resources */ = {isa = PBXBuildFile; fileRef = CFCD577226E97F95007BDE71 /* Preview Assets.xcassets */; };
		CFCD577E26E97F95007BDE71 /* EcommerceTests.swift in Sources */ = {isa = PBXBuildFile; fileRef = CFCD577D26E97F95007BDE71 /* EcommerceTests.swift */; };
		CFCD578926E97F95007BDE71 /* EcommerceUITests.swift in Sources */ = {isa = PBXBuildFile; fileRef = CFCD578826E97F95007BDE71 /* EcommerceUITests.swift */; };
		CFCD579D26E980EE007BDE71 /* Constant.swift in Sources */ = {isa = PBXBuildFile; fileRef = CFCD579C26E980EE007BDE71 /* Constant.swift */; };
		CFCD57A026E98264007BDE71 /* FooterView.swift in Sources */ = {isa = PBXBuildFile; fileRef = CFCD579F26E98264007BDE71 /* FooterView.swift */; };
		CFCD57AB26E9899C007BDE71 /* SFPRODISPLAYHEAVYITALIC.OTF in Resources */ = {isa = PBXBuildFile; fileRef = CFCD57A226E9899B007BDE71 /* SFPRODISPLAYHEAVYITALIC.OTF */; };
		CFCD57AD26E9899C007BDE71 /* SFPRODISPLAYBLACKITALIC.OTF in Resources */ = {isa = PBXBuildFile; fileRef = CFCD57A426E9899B007BDE71 /* SFPRODISPLAYBLACKITALIC.OTF */; };
		CFCD57AE26E9899C007BDE71 /* SFPRODISPLAYBOLD.OTF in Resources */ = {isa = PBXBuildFile; fileRef = CFCD57A526E9899B007BDE71 /* SFPRODISPLAYBOLD.OTF */; };
		CFCD57AF26E9899C007BDE71 /* SFPRODISPLAYREGULAR.OTF in Resources */ = {isa = PBXBuildFile; fileRef = CFCD57A626E9899C007BDE71 /* SFPRODISPLAYREGULAR.OTF */; };
		CFCD57B026E9899C007BDE71 /* SFPRODISPLAYMEDIUM.OTF in Resources */ = {isa = PBXBuildFile; fileRef = CFCD57A726E9899C007BDE71 /* SFPRODISPLAYMEDIUM.OTF */; };
		CFCD57B126E9899C007BDE71 /* SFPRODISPLAYLIGHTITALIC.OTF in Resources */ = {isa = PBXBuildFile; fileRef = CFCD57A826E9899C007BDE71 /* SFPRODISPLAYLIGHTITALIC.OTF */; };
		CFCD57B326E9899C007BDE71 /* SFPRODISPLAYSEMIBOLDITALIC.OTF in Resources */ = {isa = PBXBuildFile; fileRef = CFCD57AA26E9899C007BDE71 /* SFPRODISPLAYSEMIBOLDITALIC.OTF */; };
		CFCD57B526E9954E007BDE71 /* NavBarView.swift in Sources */ = {isa = PBXBuildFile; fileRef = CFCD57B426E9954E007BDE71 /* NavBarView.swift */; };
		CFCD57B726E99C6B007BDE71 /* Extensions.swift in Sources */ = {isa = PBXBuildFile; fileRef = CFCD57B626E99C6B007BDE71 /* Extensions.swift */; };
		CFF752F526EAAE3D00E95667 /* NetworkManager.swift in Sources */ = {isa = PBXBuildFile; fileRef = CFF752F426EAAE3D00E95667 /* NetworkManager.swift */; };
		CFF752F726EAAED300E95667 /* Api.swift in Sources */ = {isa = PBXBuildFile; fileRef = CFF752F626EAAED300E95667 /* Api.swift */; };
		CFF752F926EAB4BF00E95667 /* RecommendedView.swift in Sources */ = {isa = PBXBuildFile; fileRef = CFF752F826EAB4BF00E95667 /* RecommendedView.swift */; };
		CFF752FB26EAB69800E95667 /* RecommendedProductCell.swift in Sources */ = {isa = PBXBuildFile; fileRef = CFF752FA26EAB69800E95667 /* RecommendedProductCell.swift */; };
		CFF752FF26EAD21700E95667 /* ViewRouter.swift in Sources */ = {isa = PBXBuildFile; fileRef = CFF752FE26EAD21700E95667 /* ViewRouter.swift */; };
/* End PBXBuildFile section */

/* Begin PBXContainerItemProxy section */
		CFCD577A26E97F95007BDE71 /* PBXContainerItemProxy */ = {
			isa = PBXContainerItemProxy;
			containerPortal = CFCD576026E97F94007BDE71 /* Project object */;
			proxyType = 1;
			remoteGlobalIDString = CFCD576726E97F94007BDE71;
			remoteInfo = Ecommerce;
		};
		CFCD578526E97F95007BDE71 /* PBXContainerItemProxy */ = {
			isa = PBXContainerItemProxy;
			containerPortal = CFCD576026E97F94007BDE71 /* Project object */;
			proxyType = 1;
			remoteGlobalIDString = CFCD576726E97F94007BDE71;
			remoteInfo = Ecommerce;
		};
/* End PBXContainerItemProxy section */

/* Begin PBXFileReference section */
		CF16D9D926EA3C9A003CCCA0 /* CategorieView.swift */ = {isa = PBXFileReference; lastKnownFileType = sourcecode.swift; path = CategorieView.swift; sourceTree = "<group>"; };
		CF16D9DB26EA3D8A003CCCA0 /* CategorieCellView.swift */ = {isa = PBXFileReference; lastKnownFileType = sourcecode.swift; path = CategorieCellView.swift; sourceTree = "<group>"; };
		CF16D9DD26EA43DD003CCCA0 /* Categorie.swift */ = {isa = PBXFileReference; lastKnownFileType = sourcecode.swift; path = Categorie.swift; sourceTree = "<group>"; };
		CF16D9E026EA4A21003CCCA0 /* HomeViewModel.swift */ = {isa = PBXFileReference; lastKnownFileType = sourcecode.swift; path = HomeViewModel.swift; sourceTree = "<group>"; };
		CF16D9E226EA5EFE003CCCA0 /* BestSellingView.swift */ = {isa = PBXFileReference; lastKnownFileType = sourcecode.swift; path = BestSellingView.swift; sourceTree = "<group>"; };
		CF16D9E426EA606E003CCCA0 /* ProductViewCell.swift */ = {isa = PBXFileReference; lastKnownFileType = sourcecode.swift; path = ProductViewCell.swift; sourceTree = "<group>"; };
		CF17516826EB6DDE00A29C96 /* HomeView.swift */ = {isa = PBXFileReference; lastKnownFileType = sourcecode.swift; path = HomeView.swift; sourceTree = "<group>"; };
		CF17516A26EB6FF600A29C96 /* Product.swift */ = {isa = PBXFileReference; lastKnownFileType = sourcecode.swift; path = Product.swift; sourceTree = "<group>"; };
		CF17516C26EB708800A29C96 /* Rating.swift */ = {isa = PBXFileReference; lastKnownFileType = sourcecode.swift; path = Rating.swift; sourceTree = "<group>"; };
		CFCD576826E97F94007BDE71 /* Ecommerce.app */ = {isa = PBXFileReference; explicitFileType = wrapper.application; includeInIndex = 0; path = Ecommerce.app; sourceTree = BUILT_PRODUCTS_DIR; };
		CFCD576B26E97F94007BDE71 /* EcommerceApp.swift */ = {isa = PBXFileReference; lastKnownFileType = sourcecode.swift; path = EcommerceApp.swift; sourceTree = "<group>"; };
		CFCD576D26E97F94007BDE71 /* ContentView.swift */ = {isa = PBXFileReference; lastKnownFileType = sourcecode.swift; path = ContentView.swift; sourceTree = "<group>"; };
		CFCD576F26E97F95007BDE71 /* Assets.xcassets */ = {isa = PBXFileReference; lastKnownFileType = folder.assetcatalog; path = Assets.xcassets; sourceTree = "<group>"; };
		CFCD577226E97F95007BDE71 /* Preview Assets.xcassets */ = {isa = PBXFileReference; lastKnownFileType = folder.assetcatalog; path = "Preview Assets.xcassets"; sourceTree = "<group>"; };
		CFCD577426E97F95007BDE71 /* Info.plist */ = {isa = PBXFileReference; lastKnownFileType = text.plist.xml; path = Info.plist; sourceTree = "<group>"; };
		CFCD577926E97F95007BDE71 /* EcommerceTests.xctest */ = {isa = PBXFileReference; explicitFileType = wrapper.cfbundle; includeInIndex = 0; path = EcommerceTests.xctest; sourceTree = BUILT_PRODUCTS_DIR; };
		CFCD577D26E97F95007BDE71 /* EcommerceTests.swift */ = {isa = PBXFileReference; lastKnownFileType = sourcecode.swift; path = EcommerceTests.swift; sourceTree = "<group>"; };
		CFCD577F26E97F95007BDE71 /* Info.plist */ = {isa = PBXFileReference; lastKnownFileType = text.plist.xml; path = Info.plist; sourceTree = "<group>"; };
		CFCD578426E97F95007BDE71 /* EcommerceUITests.xctest */ = {isa = PBXFileReference; explicitFileType = wrapper.cfbundle; includeInIndex = 0; path = EcommerceUITests.xctest; sourceTree = BUILT_PRODUCTS_DIR; };
		CFCD578826E97F95007BDE71 /* EcommerceUITests.swift */ = {isa = PBXFileReference; lastKnownFileType = sourcecode.swift; path = EcommerceUITests.swift; sourceTree = "<group>"; };
		CFCD578A26E97F95007BDE71 /* Info.plist */ = {isa = PBXFileReference; lastKnownFileType = text.plist.xml; path = Info.plist; sourceTree = "<group>"; };
		CFCD579C26E980EE007BDE71 /* Constant.swift */ = {isa = PBXFileReference; lastKnownFileType = sourcecode.swift; path = Constant.swift; sourceTree = "<group>"; };
		CFCD579F26E98264007BDE71 /* FooterView.swift */ = {isa = PBXFileReference; lastKnownFileType = sourcecode.swift; path = FooterView.swift; sourceTree = "<group>"; };
		CFCD57A226E9899B007BDE71 /* SFPRODISPLAYHEAVYITALIC.OTF */ = {isa = PBXFileReference; lastKnownFileType = file; path = SFPRODISPLAYHEAVYITALIC.OTF; sourceTree = "<group>"; };
		CFCD57A426E9899B007BDE71 /* SFPRODISPLAYBLACKITALIC.OTF */ = {isa = PBXFileReference; lastKnownFileType = file; path = SFPRODISPLAYBLACKITALIC.OTF; sourceTree = "<group>"; };
		CFCD57A526E9899B007BDE71 /* SFPRODISPLAYBOLD.OTF */ = {isa = PBXFileReference; lastKnownFileType = file; path = SFPRODISPLAYBOLD.OTF; sourceTree = "<group>"; };
		CFCD57A626E9899C007BDE71 /* SFPRODISPLAYREGULAR.OTF */ = {isa = PBXFileReference; lastKnownFileType = file; path = SFPRODISPLAYREGULAR.OTF; sourceTree = "<group>"; };
		CFCD57A726E9899C007BDE71 /* SFPRODISPLAYMEDIUM.OTF */ = {isa = PBXFileReference; lastKnownFileType = file; path = SFPRODISPLAYMEDIUM.OTF; sourceTree = "<group>"; };
		CFCD57A826E9899C007BDE71 /* SFPRODISPLAYLIGHTITALIC.OTF */ = {isa = PBXFileReference; lastKnownFileType = file; path = SFPRODISPLAYLIGHTITALIC.OTF; sourceTree = "<group>"; };
		CFCD57AA26E9899C007BDE71 /* SFPRODISPLAYSEMIBOLDITALIC.OTF */ = {isa = PBXFileReference; lastKnownFileType = file; path = SFPRODISPLAYSEMIBOLDITALIC.OTF; sourceTree = "<group>"; };
		CFCD57B426E9954E007BDE71 /* NavBarView.swift */ = {isa = PBXFileReference; lastKnownFileType = sourcecode.swift; path = NavBarView.swift; sourceTree = "<group>"; };
		CFCD57B626E99C6B007BDE71 /* Extensions.swift */ = {isa = PBXFileReference; lastKnownFileType = sourcecode.swift; path = Extensions.swift; sourceTree = "<group>"; };
		CFF752F426EAAE3D00E95667 /* NetworkManager.swift */ = {isa = PBXFileReference; lastKnownFileType = sourcecode.swift; path = NetworkManager.swift; sourceTree = "<group>"; };
		CFF752F626EAAED300E95667 /* Api.swift */ = {isa = PBXFileReference; lastKnownFileType = sourcecode.swift; path = Api.swift; sourceTree = "<group>"; };
		CFF752F826EAB4BF00E95667 /* RecommendedView.swift */ = {isa = PBXFileReference; lastKnownFileType = sourcecode.swift; path = RecommendedView.swift; sourceTree = "<group>"; };
		CFF752FA26EAB69800E95667 /* RecommendedProductCell.swift */ = {isa = PBXFileReference; lastKnownFileType = sourcecode.swift; path = RecommendedProductCell.swift; sourceTree = "<group>"; };
		CFF752FE26EAD21700E95667 /* ViewRouter.swift */ = {isa = PBXFileReference; lastKnownFileType = sourcecode.swift; path = ViewRouter.swift; sourceTree = "<group>"; };
/* End PBXFileReference section */

/* Begin PBXFrameworksBuildPhase section */
		CFCD576526E97F94007BDE71 /* Frameworks */ = {
			isa = PBXFrameworksBuildPhase;
			buildActionMask = 2147483647;
			files = (
				CF17517026EB9BE300A29C96 /* Kingfisher in Frameworks */,
			);
			runOnlyForDeploymentPostprocessing = 0;
		};
		CFCD577626E97F95007BDE71 /* Frameworks */ = {
			isa = PBXFrameworksBuildPhase;
			buildActionMask = 2147483647;
			files = (
			);
			runOnlyForDeploymentPostprocessing = 0;
		};
		CFCD578126E97F95007BDE71 /* Frameworks */ = {
			isa = PBXFrameworksBuildPhase;
			buildActionMask = 2147483647;
			files = (
			);
			runOnlyForDeploymentPostprocessing = 0;
		};
/* End PBXFrameworksBuildPhase section */

/* Begin PBXGroup section */
		CF16D9DF26EA4A0B003CCCA0 /* ViewModel */ = {
			isa = PBXGroup;
			children = (
				CF16D9E026EA4A21003CCCA0 /* HomeViewModel.swift */,
			);
			path = ViewModel;
			sourceTree = "<group>";
		};
		CF17516326EB673D00A29C96 /* NavBar */ = {
			isa = PBXGroup;
			children = (
				CFCD57B426E9954E007BDE71 /* NavBarView.swift */,
			);
			path = NavBar;
			sourceTree = "<group>";
		};
		CF17516426EB675500A29C96 /* CategorieUI */ = {
			isa = PBXGroup;
			children = (
				CF16D9D926EA3C9A003CCCA0 /* CategorieView.swift */,
				CF16D9DB26EA3D8A003CCCA0 /* CategorieCellView.swift */,
			);
			path = CategorieUI;
			sourceTree = "<group>";
		};
		CF17516526EB678000A29C96 /* BestSellingUI */ = {
			isa = PBXGroup;
			children = (
				CF16D9E226EA5EFE003CCCA0 /* BestSellingView.swift */,
				CF16D9E426EA606E003CCCA0 /* ProductViewCell.swift */,
			);
			path = BestSellingUI;
			sourceTree = "<group>";
		};
		CF17516626EB679000A29C96 /* RecommendedUI */ = {
			isa = PBXGroup;
			children = (
				CFF752F826EAB4BF00E95667 /* RecommendedView.swift */,
				CFF752FA26EAB69800E95667 /* RecommendedProductCell.swift */,
			);
			path = RecommendedUI;
			sourceTree = "<group>";
		};
		CF17516726EB6DB800A29C96 /* HomeMainUI */ = {
			isa = PBXGroup;
			children = (
				CF17516826EB6DDE00A29C96 /* HomeView.swift */,
			);
			path = HomeMainUI;
			sourceTree = "<group>";
		};
		CFCD575F26E97F94007BDE71 = {
			isa = PBXGroup;
			children = (
				CFCD576A26E97F94007BDE71 /* Ecommerce */,
				CFCD577C26E97F95007BDE71 /* EcommerceTests */,
				CFCD578726E97F95007BDE71 /* EcommerceUITests */,
				CFCD576926E97F94007BDE71 /* Products */,
			);
			sourceTree = "<group>";
		};
		CFCD576926E97F94007BDE71 /* Products */ = {
			isa = PBXGroup;
			children = (
				CFCD576826E97F94007BDE71 /* Ecommerce.app */,
				CFCD577926E97F95007BDE71 /* EcommerceTests.xctest */,
				CFCD578426E97F95007BDE71 /* EcommerceUITests.xctest */,
			);
			name = Products;
			sourceTree = "<group>";
		};
		CFCD576A26E97F94007BDE71 /* Ecommerce */ = {
			isa = PBXGroup;
			children = (
				CF16D9DF26EA4A0B003CCCA0 /* ViewModel */,
				CFCD57A126E9897F007BDE71 /* Fonts */,
				CFCD579B26E980A7007BDE71 /* Network */,
				CFCD579A26E9807B007BDE71 /* App */,
				CFCD579926E98060007BDE71 /* Extension */,
				CFCD579826E98057007BDE71 /* Model */,
				CFCD579726E9804A007BDE71 /* Utility */,
				CFCD579626E98041007BDE71 /* Views */,
				CFCD576F26E97F95007BDE71 /* Assets.xcassets */,
				CFCD577426E97F95007BDE71 /* Info.plist */,
				CFCD577126E97F95007BDE71 /* Preview Content */,
			);
			path = Ecommerce;
			sourceTree = "<group>";
		};
		CFCD577126E97F95007BDE71 /* Preview Content */ = {
			isa = PBXGroup;
			children = (
				CFCD577226E97F95007BDE71 /* Preview Assets.xcassets */,
			);
			path = "Preview Content";
			sourceTree = "<group>";
		};
		CFCD577C26E97F95007BDE71 /* EcommerceTests */ = {
			isa = PBXGroup;
			children = (
				CFCD577D26E97F95007BDE71 /* EcommerceTests.swift */,
				CFCD577F26E97F95007BDE71 /* Info.plist */,
			);
			path = EcommerceTests;
			sourceTree = "<group>";
		};
		CFCD578726E97F95007BDE71 /* EcommerceUITests */ = {
			isa = PBXGroup;
			children = (
				CFCD578826E97F95007BDE71 /* EcommerceUITests.swift */,
				CFCD578A26E97F95007BDE71 /* Info.plist */,
			);
			path = EcommerceUITests;
			sourceTree = "<group>";
		};
		CFCD579626E98041007BDE71 /* Views */ = {
			isa = PBXGroup;
			children = (
				CFF752FD26EAD1DD00E95667 /* User */,
				CFF752FC26EAD1D600E95667 /* Cart */,
				CFCD579E26E9823F007BDE71 /* Home */,
			);
			path = Views;
			sourceTree = "<group>";
		};
		CFCD579726E9804A007BDE71 /* Utility */ = {
			isa = PBXGroup;
			children = (
				CFCD579C26E980EE007BDE71 /* Constant.swift */,
				CFF752FE26EAD21700E95667 /* ViewRouter.swift */,
			);
			path = Utility;
			sourceTree = "<group>";
		};
		CFCD579826E98057007BDE71 /* Model */ = {
			isa = PBXGroup;
			children = (
				CF16D9DD26EA43DD003CCCA0 /* Categorie.swift */,
				CF17516A26EB6FF600A29C96 /* Product.swift */,
				CF17516C26EB708800A29C96 /* Rating.swift */,
			);
			path = Model;
			sourceTree = "<group>";
		};
		CFCD579926E98060007BDE71 /* Extension */ = {
			isa = PBXGroup;
			children = (
				CFCD57B626E99C6B007BDE71 /* Extensions.swift */,
			);
			path = Extension;
			sourceTree = "<group>";
		};
		CFCD579A26E9807B007BDE71 /* App */ = {
			isa = PBXGroup;
			children = (
				CFCD576B26E97F94007BDE71 /* EcommerceApp.swift */,
				CFCD576D26E97F94007BDE71 /* ContentView.swift */,
			);
			path = App;
			sourceTree = "<group>";
		};
		CFCD579B26E980A7007BDE71 /* Network */ = {
			isa = PBXGroup;
			children = (
				CFF752F426EAAE3D00E95667 /* NetworkManager.swift */,
				CFF752F626EAAED300E95667 /* Api.swift */,
			);
			path = Network;
			sourceTree = "<group>";
		};
		CFCD579E26E9823F007BDE71 /* Home */ = {
			isa = PBXGroup;
			children = (
				CF17516726EB6DB800A29C96 /* HomeMainUI */,
				CF17516626EB679000A29C96 /* RecommendedUI */,
				CF17516526EB678000A29C96 /* BestSellingUI */,
				CF17516426EB675500A29C96 /* CategorieUI */,
				CF17516326EB673D00A29C96 /* NavBar */,
				CFCD579F26E98264007BDE71 /* FooterView.swift */,
			);
			path = Home;
			sourceTree = "<group>";
		};
		CFCD57A126E9897F007BDE71 /* Fonts */ = {
			isa = PBXGroup;
			children = (
				CFCD57A426E9899B007BDE71 /* SFPRODISPLAYBLACKITALIC.OTF */,
				CFCD57A526E9899B007BDE71 /* SFPRODISPLAYBOLD.OTF */,
				CFCD57A226E9899B007BDE71 /* SFPRODISPLAYHEAVYITALIC.OTF */,
				CFCD57A826E9899C007BDE71 /* SFPRODISPLAYLIGHTITALIC.OTF */,
				CFCD57A726E9899C007BDE71 /* SFPRODISPLAYMEDIUM.OTF */,
				CFCD57A626E9899C007BDE71 /* SFPRODISPLAYREGULAR.OTF */,
				CFCD57AA26E9899C007BDE71 /* SFPRODISPLAYSEMIBOLDITALIC.OTF */,
			);
			path = Fonts;
			sourceTree = "<group>";
		};
		CFF752FC26EAD1D600E95667 /* Cart */ = {
			isa = PBXGroup;
			children = (
			);
			path = Cart;
			sourceTree = "<group>";
		};
		CFF752FD26EAD1DD00E95667 /* User */ = {
			isa = PBXGroup;
			children = (
			);
			path = User;
			sourceTree = "<group>";
		};
/* End PBXGroup section */

/* Begin PBXNativeTarget section */
		CFCD576726E97F94007BDE71 /* Ecommerce */ = {
			isa = PBXNativeTarget;
			buildConfigurationList = CFCD578D26E97F95007BDE71 /* Build configuration list for PBXNativeTarget "Ecommerce" */;
			buildPhases = (
				CFCD576426E97F94007BDE71 /* Sources */,
				CFCD576526E97F94007BDE71 /* Frameworks */,
				CFCD576626E97F94007BDE71 /* Resources */,
			);
			buildRules = (
			);
			dependencies = (
			);
			name = Ecommerce;
			packageProductDependencies = (
				CF17516F26EB9BE300A29C96 /* Kingfisher */,
			);
			productName = Ecommerce;
			productReference = CFCD576826E97F94007BDE71 /* Ecommerce.app */;
			productType = "com.apple.product-type.application";
		};
		CFCD577826E97F95007BDE71 /* EcommerceTests */ = {
			isa = PBXNativeTarget;
			buildConfigurationList = CFCD579026E97F95007BDE71 /* Build configuration list for PBXNativeTarget "EcommerceTests" */;
			buildPhases = (
				CFCD577526E97F95007BDE71 /* Sources */,
				CFCD577626E97F95007BDE71 /* Frameworks */,
				CFCD577726E97F95007BDE71 /* Resources */,
			);
			buildRules = (
			);
			dependencies = (
				CFCD577B26E97F95007BDE71 /* PBXTargetDependency */,
			);
			name = EcommerceTests;
			productName = EcommerceTests;
			productReference = CFCD577926E97F95007BDE71 /* EcommerceTests.xctest */;
			productType = "com.apple.product-type.bundle.unit-test";
		};
		CFCD578326E97F95007BDE71 /* EcommerceUITests */ = {
			isa = PBXNativeTarget;
			buildConfigurationList = CFCD579326E97F95007BDE71 /* Build configuration list for PBXNativeTarget "EcommerceUITests" */;
			buildPhases = (
				CFCD578026E97F95007BDE71 /* Sources */,
				CFCD578126E97F95007BDE71 /* Frameworks */,
				CFCD578226E97F95007BDE71 /* Resources */,
			);
			buildRules = (
			);
			dependencies = (
				CFCD578626E97F95007BDE71 /* PBXTargetDependency */,
			);
			name = EcommerceUITests;
			productName = EcommerceUITests;
			productReference = CFCD578426E97F95007BDE71 /* EcommerceUITests.xctest */;
			productType = "com.apple.product-type.bundle.ui-testing";
		};
/* End PBXNativeTarget section */

/* Begin PBXProject section */
		CFCD576026E97F94007BDE71 /* Project object */ = {
			isa = PBXProject;
			attributes = {
				LastSwiftUpdateCheck = 1250;
				LastUpgradeCheck = 1250;
				TargetAttributes = {
					CFCD576726E97F94007BDE71 = {
						CreatedOnToolsVersion = 12.5.1;
					};
					CFCD577826E97F95007BDE71 = {
						CreatedOnToolsVersion = 12.5.1;
						TestTargetID = CFCD576726E97F94007BDE71;
					};
					CFCD578326E97F95007BDE71 = {
						CreatedOnToolsVersion = 12.5.1;
						TestTargetID = CFCD576726E97F94007BDE71;
					};
				};
			};
			buildConfigurationList = CFCD576326E97F94007BDE71 /* Build configuration list for PBXProject "Ecommerce" */;
			compatibilityVersion = "Xcode 9.3";
			developmentRegion = en;
			hasScannedForEncodings = 0;
			knownRegions = (
				en,
				Base,
			);
			mainGroup = CFCD575F26E97F94007BDE71;
			packageReferences = (
				CF17516E26EB9BE300A29C96 /* XCRemoteSwiftPackageReference "Kingfisher" */,
			);
			productRefGroup = CFCD576926E97F94007BDE71 /* Products */;
			projectDirPath = "";
			projectRoot = "";
			targets = (
				CFCD576726E97F94007BDE71 /* Ecommerce */,
				CFCD577826E97F95007BDE71 /* EcommerceTests */,
				CFCD578326E97F95007BDE71 /* EcommerceUITests */,
			);
		};
/* End PBXProject section */

/* Begin PBXResourcesBuildPhase section */
		CFCD576626E97F94007BDE71 /* Resources */ = {
			isa = PBXResourcesBuildPhase;
			buildActionMask = 2147483647;
			files = (
				CFCD57AB26E9899C007BDE71 /* SFPRODISPLAYHEAVYITALIC.OTF in Resources */,
				CFCD57AD26E9899C007BDE71 /* SFPRODISPLAYBLACKITALIC.OTF in Resources */,
				CFCD57B326E9899C007BDE71 /* SFPRODISPLAYSEMIBOLDITALIC.OTF in Resources */,
				CFCD577326E97F95007BDE71 /* Preview Assets.xcassets in Resources */,
				CFCD57AF26E9899C007BDE71 /* SFPRODISPLAYREGULAR.OTF in Resources */,
				CFCD57B126E9899C007BDE71 /* SFPRODISPLAYLIGHTITALIC.OTF in Resources */,
				CFCD57AE26E9899C007BDE71 /* SFPRODISPLAYBOLD.OTF in Resources */,
				CFCD57B026E9899C007BDE71 /* SFPRODISPLAYMEDIUM.OTF in Resources */,
				CFCD577026E97F95007BDE71 /* Assets.xcassets in Resources */,
			);
			runOnlyForDeploymentPostprocessing = 0;
		};
		CFCD577726E97F95007BDE71 /* Resources */ = {
			isa = PBXResourcesBuildPhase;
			buildActionMask = 2147483647;
			files = (
			);
			runOnlyForDeploymentPostprocessing = 0;
		};
		CFCD578226E97F95007BDE71 /* Resources */ = {
			isa = PBXResourcesBuildPhase;
			buildActionMask = 2147483647;
			files = (
			);
			runOnlyForDeploymentPostprocessing = 0;
		};
/* End PBXResourcesBuildPhase section */

/* Begin PBXSourcesBuildPhase section */
		CFCD576426E97F94007BDE71 /* Sources */ = {
			isa = PBXSourcesBuildPhase;
			buildActionMask = 2147483647;
			files = (
				CF17516B26EB6FF600A29C96 /* Product.swift in Sources */,
				CF16D9DE26EA43DD003CCCA0 /* Categorie.swift in Sources */,
				CF16D9DC26EA3D8A003CCCA0 /* CategorieCellView.swift in Sources */,
				CFCD576E26E97F94007BDE71 /* ContentView.swift in Sources */,
				CFF752F526EAAE3D00E95667 /* NetworkManager.swift in Sources */,
				CF16D9E326EA5EFE003CCCA0 /* BestSellingView.swift in Sources */,
				CF16D9E126EA4A21003CCCA0 /* HomeViewModel.swift in Sources */,
				CFCD57B726E99C6B007BDE71 /* Extensions.swift in Sources */,
				CFCD57A026E98264007BDE71 /* FooterView.swift in Sources */,
				CFCD576C26E97F94007BDE71 /* EcommerceApp.swift in Sources */,
				CF17516926EB6DDE00A29C96 /* HomeView.swift in Sources */,
				CF16D9E526EA606E003CCCA0 /* ProductViewCell.swift in Sources */,
				CF17516D26EB708800A29C96 /* Rating.swift in Sources */,
				CFF752F926EAB4BF00E95667 /* RecommendedView.swift in Sources */,
				CFF752FB26EAB69800E95667 /* RecommendedProductCell.swift in Sources */,
				CFCD57B526E9954E007BDE71 /* NavBarView.swift in Sources */,
				CFF752FF26EAD21700E95667 /* ViewRouter.swift in Sources */,
				CFCD579D26E980EE007BDE71 /* Constant.swift in Sources */,
				CFF752F726EAAED300E95667 /* Api.swift in Sources */,
				CF16D9DA26EA3C9B003CCCA0 /* CategorieView.swift in Sources */,
			);
			runOnlyForDeploymentPostprocessing = 0;
		};
		CFCD577526E97F95007BDE71 /* Sources */ = {
			isa = PBXSourcesBuildPhase;
			buildActionMask = 2147483647;
			files = (
				CFCD577E26E97F95007BDE71 /* EcommerceTests.swift in Sources */,
			);
			runOnlyForDeploymentPostprocessing = 0;
		};
		CFCD578026E97F95007BDE71 /* Sources */ = {
			isa = PBXSourcesBuildPhase;
			buildActionMask = 2147483647;
			files = (
				CFCD578926E97F95007BDE71 /* EcommerceUITests.swift in Sources */,
			);
			runOnlyForDeploymentPostprocessing = 0;
		};
/* End PBXSourcesBuildPhase section */

/* Begin PBXTargetDependency section */
		CFCD577B26E97F95007BDE71 /* PBXTargetDependency */ = {
			isa = PBXTargetDependency;
			target = CFCD576726E97F94007BDE71 /* Ecommerce */;
			targetProxy = CFCD577A26E97F95007BDE71 /* PBXContainerItemProxy */;
		};
		CFCD578626E97F95007BDE71 /* PBXTargetDependency */ = {
			isa = PBXTargetDependency;
			target = CFCD576726E97F94007BDE71 /* Ecommerce */;
			targetProxy = CFCD578526E97F95007BDE71 /* PBXContainerItemProxy */;
		};
/* End PBXTargetDependency section */

/* Begin XCBuildConfiguration section */
		CFCD578B26E97F95007BDE71 /* Debug */ = {
			isa = XCBuildConfiguration;
			buildSettings = {
				ALWAYS_SEARCH_USER_PATHS = NO;
				CLANG_ANALYZER_NONNULL = YES;
				CLANG_ANALYZER_NUMBER_OBJECT_CONVERSION = YES_AGGRESSIVE;
				CLANG_CXX_LANGUAGE_STANDARD = "gnu++14";
				CLANG_CXX_LIBRARY = "libc++";
				CLANG_ENABLE_MODULES = YES;
				CLANG_ENABLE_OBJC_ARC = YES;
				CLANG_ENABLE_OBJC_WEAK = YES;
				CLANG_WARN_BLOCK_CAPTURE_AUTORELEASING = YES;
				CLANG_WARN_BOOL_CONVERSION = YES;
				CLANG_WARN_COMMA = YES;
				CLANG_WARN_CONSTANT_CONVERSION = YES;
				CLANG_WARN_DEPRECATED_OBJC_IMPLEMENTATIONS = YES;
				CLANG_WARN_DIRECT_OBJC_ISA_USAGE = YES_ERROR;
				CLANG_WARN_DOCUMENTATION_COMMENTS = YES;
				CLANG_WARN_EMPTY_BODY = YES;
				CLANG_WARN_ENUM_CONVERSION = YES;
				CLANG_WARN_INFINITE_RECURSION = YES;
				CLANG_WARN_INT_CONVERSION = YES;
				CLANG_WARN_NON_LITERAL_NULL_CONVERSION = YES;
				CLANG_WARN_OBJC_IMPLICIT_RETAIN_SELF = YES;
				CLANG_WARN_OBJC_LITERAL_CONVERSION = YES;
				CLANG_WARN_OBJC_ROOT_CLASS = YES_ERROR;
				CLANG_WARN_QUOTED_INCLUDE_IN_FRAMEWORK_HEADER = YES;
				CLANG_WARN_RANGE_LOOP_ANALYSIS = YES;
				CLANG_WARN_STRICT_PROTOTYPES = YES;
				CLANG_WARN_SUSPICIOUS_MOVE = YES;
				CLANG_WARN_UNGUARDED_AVAILABILITY = YES_AGGRESSIVE;
				CLANG_WARN_UNREACHABLE_CODE = YES;
				CLANG_WARN__DUPLICATE_METHOD_MATCH = YES;
				COPY_PHASE_STRIP = NO;
				DEBUG_INFORMATION_FORMAT = dwarf;
				ENABLE_STRICT_OBJC_MSGSEND = YES;
				ENABLE_TESTABILITY = YES;
				GCC_C_LANGUAGE_STANDARD = gnu11;
				GCC_DYNAMIC_NO_PIC = NO;
				GCC_NO_COMMON_BLOCKS = YES;
				GCC_OPTIMIZATION_LEVEL = 0;
				GCC_PREPROCESSOR_DEFINITIONS = (
					"DEBUG=1",
					"$(inherited)",
				);
				GCC_WARN_64_TO_32_BIT_CONVERSION = YES;
				GCC_WARN_ABOUT_RETURN_TYPE = YES_ERROR;
				GCC_WARN_UNDECLARED_SELECTOR = YES;
				GCC_WARN_UNINITIALIZED_AUTOS = YES_AGGRESSIVE;
				GCC_WARN_UNUSED_FUNCTION = YES;
				GCC_WARN_UNUSED_VARIABLE = YES;
				IPHONEOS_DEPLOYMENT_TARGET = 14.5;
				MTL_ENABLE_DEBUG_INFO = INCLUDE_SOURCE;
				MTL_FAST_MATH = YES;
				ONLY_ACTIVE_ARCH = YES;
				SDKROOT = iphoneos;
				SWIFT_ACTIVE_COMPILATION_CONDITIONS = DEBUG;
				SWIFT_OPTIMIZATION_LEVEL = "-Onone";
			};
			name = Debug;
		};
		CFCD578C26E97F95007BDE71 /* Release */ = {
			isa = XCBuildConfiguration;
			buildSettings = {
				ALWAYS_SEARCH_USER_PATHS = NO;
				CLANG_ANALYZER_NONNULL = YES;
				CLANG_ANALYZER_NUMBER_OBJECT_CONVERSION = YES_AGGRESSIVE;
				CLANG_CXX_LANGUAGE_STANDARD = "gnu++14";
				CLANG_CXX_LIBRARY = "libc++";
				CLANG_ENABLE_MODULES = YES;
				CLANG_ENABLE_OBJC_ARC = YES;
				CLANG_ENABLE_OBJC_WEAK = YES;
				CLANG_WARN_BLOCK_CAPTURE_AUTORELEASING = YES;
				CLANG_WARN_BOOL_CONVERSION = YES;
				CLANG_WARN_COMMA = YES;
				CLANG_WARN_CONSTANT_CONVERSION = YES;
				CLANG_WARN_DEPRECATED_OBJC_IMPLEMENTATIONS = YES;
				CLANG_WARN_DIRECT_OBJC_ISA_USAGE = YES_ERROR;
				CLANG_WARN_DOCUMENTATION_COMMENTS = YES;
				CLANG_WARN_EMPTY_BODY = YES;
				CLANG_WARN_ENUM_CONVERSION = YES;
				CLANG_WARN_INFINITE_RECURSION = YES;
				CLANG_WARN_INT_CONVERSION = YES;
				CLANG_WARN_NON_LITERAL_NULL_CONVERSION = YES;
				CLANG_WARN_OBJC_IMPLICIT_RETAIN_SELF = YES;
				CLANG_WARN_OBJC_LITERAL_CONVERSION = YES;
				CLANG_WARN_OBJC_ROOT_CLASS = YES_ERROR;
				CLANG_WARN_QUOTED_INCLUDE_IN_FRAMEWORK_HEADER = YES;
				CLANG_WARN_RANGE_LOOP_ANALYSIS = YES;
				CLANG_WARN_STRICT_PROTOTYPES = YES;
				CLANG_WARN_SUSPICIOUS_MOVE = YES;
				CLANG_WARN_UNGUARDED_AVAILABILITY = YES_AGGRESSIVE;
				CLANG_WARN_UNREACHABLE_CODE = YES;
				CLANG_WARN__DUPLICATE_METHOD_MATCH = YES;
				COPY_PHASE_STRIP = NO;
				DEBUG_INFORMATION_FORMAT = "dwarf-with-dsym";
				ENABLE_NS_ASSERTIONS = NO;
				ENABLE_STRICT_OBJC_MSGSEND = YES;
				GCC_C_LANGUAGE_STANDARD = gnu11;
				GCC_NO_COMMON_BLOCKS = YES;
				GCC_WARN_64_TO_32_BIT_CONVERSION = YES;
				GCC_WARN_ABOUT_RETURN_TYPE = YES_ERROR;
				GCC_WARN_UNDECLARED_SELECTOR = YES;
				GCC_WARN_UNINITIALIZED_AUTOS = YES_AGGRESSIVE;
				GCC_WARN_UNUSED_FUNCTION = YES;
				GCC_WARN_UNUSED_VARIABLE = YES;
				IPHONEOS_DEPLOYMENT_TARGET = 14.5;
				MTL_ENABLE_DEBUG_INFO = NO;
				MTL_FAST_MATH = YES;
				SDKROOT = iphoneos;
				SWIFT_COMPILATION_MODE = wholemodule;
				SWIFT_OPTIMIZATION_LEVEL = "-O";
				VALIDATE_PRODUCT = YES;
			};
			name = Release;
		};
		CFCD578E26E97F95007BDE71 /* Debug */ = {
			isa = XCBuildConfiguration;
			buildSettings = {
				ASSETCATALOG_COMPILER_APPICON_NAME = AppIcon;
				ASSETCATALOG_COMPILER_GLOBAL_ACCENT_COLOR_NAME = AccentColor;
				CODE_SIGN_STYLE = Automatic;
				DEVELOPMENT_ASSET_PATHS = "\"Ecommerce/Preview Content\"";
				ENABLE_PREVIEWS = YES;
				INFOPLIST_FILE = Ecommerce/Info.plist;
				IPHONEOS_DEPLOYMENT_TARGET = 14.0;
				LD_RUNPATH_SEARCH_PATHS = (
					"$(inherited)",
					"@executable_path/Frameworks",
				);
				PRODUCT_BUNDLE_IDENTIFIER = com.wbhdev.Ecommerce;
				PRODUCT_NAME = "$(TARGET_NAME)";
				SWIFT_VERSION = 5.0;
				TARGETED_DEVICE_FAMILY = "1,2";
			};
			name = Debug;
		};
		CFCD578F26E97F95007BDE71 /* Release */ = {
			isa = XCBuildConfiguration;
			buildSettings = {
				ASSETCATALOG_COMPILER_APPICON_NAME = AppIcon;
				ASSETCATALOG_COMPILER_GLOBAL_ACCENT_COLOR_NAME = AccentColor;
				CODE_SIGN_STYLE = Automatic;
				DEVELOPMENT_ASSET_PATHS = "\"Ecommerce/Preview Content\"";
				ENABLE_PREVIEWS = YES;
				INFOPLIST_FILE = Ecommerce/Info.plist;
				IPHONEOS_DEPLOYMENT_TARGET = 14.0;
				LD_RUNPATH_SEARCH_PATHS = (
					"$(inherited)",
					"@executable_path/Frameworks",
				);
				PRODUCT_BUNDLE_IDENTIFIER = com.wbhdev.Ecommerce;
				PRODUCT_NAME = "$(TARGET_NAME)";
				SWIFT_VERSION = 5.0;
				TARGETED_DEVICE_FAMILY = "1,2";
			};
			name = Release;
		};
		CFCD579126E97F95007BDE71 /* Debug */ = {
			isa = XCBuildConfiguration;
			buildSettings = {
				ALWAYS_EMBED_SWIFT_STANDARD_LIBRARIES = YES;
				BUNDLE_LOADER = "$(TEST_HOST)";
				CODE_SIGN_STYLE = Automatic;
				INFOPLIST_FILE = EcommerceTests/Info.plist;
				IPHONEOS_DEPLOYMENT_TARGET = 14.0;
				LD_RUNPATH_SEARCH_PATHS = (
					"$(inherited)",
					"@executable_path/Frameworks",
					"@loader_path/Frameworks",
				);
				PRODUCT_BUNDLE_IDENTIFIER = com.wbhdev.EcommerceTests;
				PRODUCT_NAME = "$(TARGET_NAME)";
				SWIFT_VERSION = 5.0;
				TARGETED_DEVICE_FAMILY = "1,2";
				TEST_HOST = "$(BUILT_PRODUCTS_DIR)/Ecommerce.app/Ecommerce";
			};
			name = Debug;
		};
		CFCD579226E97F95007BDE71 /* Release */ = {
			isa = XCBuildConfiguration;
			buildSettings = {
				ALWAYS_EMBED_SWIFT_STANDARD_LIBRARIES = YES;
				BUNDLE_LOADER = "$(TEST_HOST)";
				CODE_SIGN_STYLE = Automatic;
				INFOPLIST_FILE = EcommerceTests/Info.plist;
				IPHONEOS_DEPLOYMENT_TARGET = 14.0;
				LD_RUNPATH_SEARCH_PATHS = (
					"$(inherited)",
					"@executable_path/Frameworks",
					"@loader_path/Frameworks",
				);
				PRODUCT_BUNDLE_IDENTIFIER = com.wbhdev.EcommerceTests;
				PRODUCT_NAME = "$(TARGET_NAME)";
				SWIFT_VERSION = 5.0;
				TARGETED_DEVICE_FAMILY = "1,2";
				TEST_HOST = "$(BUILT_PRODUCTS_DIR)/Ecommerce.app/Ecommerce";
			};
			name = Release;
		};
		CFCD579426E97F95007BDE71 /* Debug */ = {
			isa = XCBuildConfiguration;
			buildSettings = {
				ALWAYS_EMBED_SWIFT_STANDARD_LIBRARIES = YES;
				CODE_SIGN_STYLE = Automatic;
				INFOPLIST_FILE = EcommerceUITests/Info.plist;
				LD_RUNPATH_SEARCH_PATHS = (
					"$(inherited)",
					"@executable_path/Frameworks",
					"@loader_path/Frameworks",
				);
				PRODUCT_BUNDLE_IDENTIFIER = com.wbhdev.EcommerceUITests;
				PRODUCT_NAME = "$(TARGET_NAME)";
				SWIFT_VERSION = 5.0;
				TARGETED_DEVICE_FAMILY = "1,2";
				TEST_TARGET_NAME = Ecommerce;
			};
			name = Debug;
		};
		CFCD579526E97F95007BDE71 /* Release */ = {
			isa = XCBuildConfiguration;
			buildSettings = {
				ALWAYS_EMBED_SWIFT_STANDARD_LIBRARIES = YES;
				CODE_SIGN_STYLE = Automatic;
				INFOPLIST_FILE = EcommerceUITests/Info.plist;
				LD_RUNPATH_SEARCH_PATHS = (
					"$(inherited)",
					"@executable_path/Frameworks",
					"@loader_path/Frameworks",
				);
				PRODUCT_BUNDLE_IDENTIFIER = com.wbhdev.EcommerceUITests;
				PRODUCT_NAME = "$(TARGET_NAME)";
				SWIFT_VERSION = 5.0;
				TARGETED_DEVICE_FAMILY = "1,2";
				TEST_TARGET_NAME = Ecommerce;
			};
			name = Release;
		};
/* End XCBuildConfiguration section */

/* Begin XCConfigurationList section */
		CFCD576326E97F94007BDE71 /* Build configuration list for PBXProject "Ecommerce" */ = {
			isa = XCConfigurationList;
			buildConfigurations = (
				CFCD578B26E97F95007BDE71 /* Debug */,
				CFCD578C26E97F95007BDE71 /* Release */,
			);
			defaultConfigurationIsVisible = 0;
			defaultConfigurationName = Release;
		};
		CFCD578D26E97F95007BDE71 /* Build configuration list for PBXNativeTarget "Ecommerce" */ = {
			isa = XCConfigurationList;
			buildConfigurations = (
				CFCD578E26E97F95007BDE71 /* Debug */,
				CFCD578F26E97F95007BDE71 /* Release */,
			);
			defaultConfigurationIsVisible = 0;
			defaultConfigurationName = Release;
		};
		CFCD579026E97F95007BDE71 /* Build configuration list for PBXNativeTarget "EcommerceTests" */ = {
			isa = XCConfigurationList;
			buildConfigurations = (
				CFCD579126E97F95007BDE71 /* Debug */,
				CFCD579226E97F95007BDE71 /* Release */,
			);
			defaultConfigurationIsVisible = 0;
			defaultConfigurationName = Release;
		};
		CFCD579326E97F95007BDE71 /* Build configuration list for PBXNativeTarget "EcommerceUITests" */ = {
			isa = XCConfigurationList;
			buildConfigurations = (
				CFCD579426E97F95007BDE71 /* Debug */,
				CFCD579526E97F95007BDE71 /* Release */,
			);
			defaultConfigurationIsVisible = 0;
			defaultConfigurationName = Release;
		};
/* End XCConfigurationList section */

/* Begin XCRemoteSwiftPackageReference section */
		CF17516E26EB9BE300A29C96 /* XCRemoteSwiftPackageReference "Kingfisher" */ = {
			isa = XCRemoteSwiftPackageReference;
			repositoryURL = "https://github.com/onevcat/Kingfisher.git";
			requirement = {
				kind = upToNextMajorVersion;
				minimumVersion = 6.3.1;
			};
		};
/* End XCRemoteSwiftPackageReference section */

/* Begin XCSwiftPackageProductDependency section */
		CF17516F26EB9BE300A29C96 /* Kingfisher */ = {
			isa = XCSwiftPackageProductDependency;
			package = CF17516E26EB9BE300A29C96 /* XCRemoteSwiftPackageReference "Kingfisher" */;
			productName = Kingfisher;
		};
/* End XCSwiftPackageProductDependency section */
	};
	rootObject = CFCD576026E97F94007BDE71 /* Project object */;
}
